
Microsoft Visual Studio Solution File, Format Version 12.00
# Visual Studio Version 17
VisualStudioVersion = 17.1.32210.238
MinimumVisualStudioVersion = 10.0.40219.1
Project("{FAE04EC0-301F-11D3-BF4B-00C04F79EFBC}") = "SortString", "SortString\SortString.csproj", "{EE2848CB-49A7-46EA-86FB-2A7C8888FD89}"
EndProject
Project("{FAE04EC0-301F-11D3-BF4B-00C04F79EFBC}") = "SortString.Test", "SortString.Test\SortString.Test.csproj", "{765AD349-0164-4EB8-A108-E83DED5B9D14}"
EndProject
Global
	GlobalSection(SolutionConfigurationPlatforms) = preSolution
		Debug|Any CPU = Debug|Any CPU
		Release|Any CPU = Release|Any CPU
	EndGlobalSection
	GlobalSection(ProjectConfigurationPlatforms) = postSolution
		{EE2848CB-49A7-46EA-86FB-2A7C8888FD89}.Debug|Any CPU.ActiveCfg = Debug|Any CPU
		{EE2848CB-49A7-46EA-86FB-2A7C8888FD89}.Debug|Any CPU.Build.0 = Debug|Any CPU
		{EE2848CB-49A7-46EA-86FB-2A7C8888FD89}.Release|Any CPU.ActiveCfg = Release|Any CPU
		{EE2848CB-49A7-46EA-86FB-2A7C8888FD89}.Release|Any CPU.Build.0 = Release|Any CPU
		{765AD349-0164-4EB8-A108-E83DED5B9D14}.Debug|Any CPU.ActiveCfg = Debug|Any CPU
		{765AD349-0164-4EB8-A108-E83DED5B9D14}.Debug|Any CPU.Build.0 = Debug|Any CPU
		{765AD349-0164-4EB8-A108-E83DED5B9D14}.Release|Any CPU.ActiveCfg = Release|Any CPU
		{765AD349-0164-4EB8-A108-E83DED5B9D14}.Release|Any CPU.Build.0 = Release|Any CPU
	EndGlobalSection
	GlobalSection(SolutionProperties) = preSolution
		HideSolutionNode = FALSE
	EndGlobalSection
	GlobalSection(ExtensibilityGlobals) = postSolution
		SolutionGuid = {02752E67-5F21-4F42-8544-B90C00661C91}
	EndGlobalSection
EndGlobal
